
Microsoft Visual Studio Solution File, Format Version 12.00
# Visual Studio Version 17
VisualStudioVersion = 17.8.34330.188
MinimumVisualStudioVersion = 10.0.40219.1
Project("{FAE04EC0-301F-11D3-BF4B-00C04F79EFBC}") = "employeeMngmentSysytem(full stack)", "employeeMngmentSysytem(full stack).csproj", "{D282B03A-B487-42A9-A0FC-73CCD10ED36B}"
EndProject
Global
	GlobalSection(SolutionConfigurationPlatforms) = preSolution
		Debug|Any CPU = Debug|Any CPU
		Release|Any CPU = Release|Any CPU
	EndGlobalSection
	GlobalSection(ProjectConfigurationPlatforms) = postSolution
		{D282B03A-B487-42A9-A0FC-73CCD10ED36B}.Debug|Any CPU.ActiveCfg = Debug|Any CPU
		{D282B03A-B487-42A9-A0FC-73CCD10ED36B}.Debug|Any CPU.Build.0 = Debug|Any CPU
		{D282B03A-B487-42A9-A0FC-73CCD10ED36B}.Release|Any CPU.ActiveCfg = Release|Any CPU
		{D282B03A-B487-42A9-A0FC-73CCD10ED36B}.Release|Any CPU.Build.0 = Release|Any CPU
	EndGlobalSection
	GlobalSection(SolutionProperties) = preSolution
		HideSolutionNode = FALSE
	EndGlobalSection
	GlobalSection(ExtensibilityGlobals) = postSolution
		SolutionGuid = {1DE0DAC4-D9D0-4FB9-A875-7CC7ED63D224}
	EndGlobalSection
EndGlobal
